// !$*UTF8*$!
{
	archiveVersion = 1;
	classes = {
	};
	objectVersion = 46;
	objects = {

/* Begin PBXBuildFile section */
		9B596E9819D17578005077A9 /* AppDelegate.swift in Sources */ = {isa = PBXBuildFile; fileRef = 9B596E9719D17578005077A9 /* AppDelegate.swift */; };
		9B596E9F19D17578005077A9 /* Images.xcassets in Resources */ = {isa = PBXBuildFile; fileRef = 9B596E9E19D17578005077A9 /* Images.xcassets */; };
		9B596EA219D17578005077A9 /* LaunchScreen.xib in Resources */ = {isa = PBXBuildFile; fileRef = 9B596EA019D17578005077A9 /* LaunchScreen.xib */; };
		9B596EAE19D17579005077A9 /* PalladiumTemplateTests.swift in Sources */ = {isa = PBXBuildFile; fileRef = 9B596EAD19D17579005077A9 /* PalladiumTemplateTests.swift */; };
		9B596EBD19D17B67005077A9 /* index.html in Resources */ = {isa = PBXBuildFile; fileRef = 9B596EBB19D17B67005077A9 /* index.html */; };
		9B596EBE19D17B67005077A9 /* palladium.js in Resources */ = {isa = PBXBuildFile; fileRef = 9B596EBC19D17B67005077A9 /* palladium.js */; };
		9B596EC119D18697005077A9 /* app.css in Resources */ = {isa = PBXBuildFile; fileRef = 9B596EBF19D18697005077A9 /* app.css */; };
		9B596EC219D18697005077A9 /* app.js in Resources */ = {isa = PBXBuildFile; fileRef = 9B596EC019D18697005077A9 /* app.js */; };
		9B596ECE19D1A189005077A9 /* ViewController.swift in Sources */ = {isa = PBXBuildFile; fileRef = 9B596ECD19D1A189005077A9 /* ViewController.swift */; };
		9B596ED119D1A992005077A9 /* Alert.swift in Sources */ = {isa = PBXBuildFile; fileRef = 9B596ED019D1A992005077A9 /* Alert.swift */; };
/* End PBXBuildFile section */

/* Begin PBXContainerItemProxy section */
		9B596EA819D17579005077A9 /* PBXContainerItemProxy */ = {
			isa = PBXContainerItemProxy;
			containerPortal = 9B596E8A19D17578005077A9 /* Project object */;
			proxyType = 1;
			remoteGlobalIDString = 9B596E9119D17578005077A9;
			remoteInfo = PalladiumTemplate;
		};
/* End PBXContainerItemProxy section */

/* Begin PBXFileReference section */
		9B596E9219D17578005077A9 /* PalladiumTemplate.app */ = {isa = PBXFileReference; explicitFileType = wrapper.application; includeInIndex = 0; path = PalladiumTemplate.app; sourceTree = BUILT_PRODUCTS_DIR; };
		9B596E9619D17578005077A9 /* Info.plist */ = {isa = PBXFileReference; lastKnownFileType = text.plist.xml; path = Info.plist; sourceTree = "<group>"; };
		9B596E9719D17578005077A9 /* AppDelegate.swift */ = {isa = PBXFileReference; lastKnownFileType = sourcecode.swift; path = AppDelegate.swift; sourceTree = "<group>"; };
		9B596E9E19D17578005077A9 /* Images.xcassets */ = {isa = PBXFileReference; lastKnownFileType = folder.assetcatalog; path = Images.xcassets; sourceTree = "<group>"; };
		9B596EA119D17578005077A9 /* Base */ = {isa = PBXFileReference; lastKnownFileType = file.xib; name = Base; path = Base.lproj/LaunchScreen.xib; sourceTree = "<group>"; };
		9B596EA719D17579005077A9 /* PalladiumTemplateTests.xctest */ = {isa = PBXFileReference; explicitFileType = wrapper.cfbundle; includeInIndex = 0; path = PalladiumTemplateTests.xctest; sourceTree = BUILT_PRODUCTS_DIR; };
		9B596EAC19D17579005077A9 /* Info.plist */ = {isa = PBXFileReference; lastKnownFileType = text.plist.xml; path = Info.plist; sourceTree = "<group>"; };
		9B596EAD19D17579005077A9 /* PalladiumTemplateTests.swift */ = {isa = PBXFileReference; lastKnownFileType = sourcecode.swift; path = PalladiumTemplateTests.swift; sourceTree = "<group>"; };
		9B596EBB19D17B67005077A9 /* index.html */ = {isa = PBXFileReference; fileEncoding = 4; lastKnownFileType = text.html; path = index.html; sourceTree = "<group>"; };
		9B596EBC19D17B67005077A9 /* palladium.js */ = {isa = PBXFileReference; fileEncoding = 4; lastKnownFileType = sourcecode.javascript; path = palladium.js; sourceTree = "<group>"; };
		9B596EBF19D18697005077A9 /* app.css */ = {isa = PBXFileReference; fileEncoding = 4; lastKnownFileType = text.css; path = app.css; sourceTree = "<group>"; };
		9B596EC019D18697005077A9 /* app.js */ = {isa = PBXFileReference; fileEncoding = 4; lastKnownFileType = sourcecode.javascript; path = app.js; sourceTree = "<group>"; };
		9B596ECD19D1A189005077A9 /* ViewController.swift */ = {isa = PBXFileReference; fileEncoding = 4; lastKnownFileType = sourcecode.swift; path = ViewController.swift; sourceTree = "<group>"; };
		9B596ED019D1A992005077A9 /* Alert.swift */ = {isa = PBXFileReference; fileEncoding = 4; lastKnownFileType = sourcecode.swift; path = Alert.swift; sourceTree = "<group>"; };
/* End PBXFileReference section */

/* Begin PBXFrameworksBuildPhase section */
		9B596E8F19D17578005077A9 /* Frameworks */ = {
			isa = PBXFrameworksBuildPhase;
			buildActionMask = 2147483647;
			files = (
			);
			runOnlyForDeploymentPostprocessing = 0;
		};
		9B596EA419D17579005077A9 /* Frameworks */ = {
			isa = PBXFrameworksBuildPhase;
			buildActionMask = 2147483647;
			files = (
			);
			runOnlyForDeploymentPostprocessing = 0;
		};
/* End PBXFrameworksBuildPhase section */

/* Begin PBXGroup section */
		9B596E8919D17578005077A9 = {
			isa = PBXGroup;
			children = (
				9B596E9419D17578005077A9 /* PalladiumTemplate */,
				9B596EAA19D17579005077A9 /* PalladiumTemplateTests */,
				9B596E9319D17578005077A9 /* Products */,
			);
			sourceTree = "<group>";
		};
		9B596E9319D17578005077A9 /* Products */ = {
			isa = PBXGroup;
			children = (
				9B596E9219D17578005077A9 /* PalladiumTemplate.app */,
				9B596EA719D17579005077A9 /* PalladiumTemplateTests.xctest */,
			);
			name = Products;
			sourceTree = "<group>";
		};
		9B596E9419D17578005077A9 /* PalladiumTemplate */ = {
			isa = PBXGroup;
			children = (
				9B596ECF19D1A982005077A9 /* Plugins */,
				9B596EBA19D17B67005077A9 /* www */,
				9B596E9719D17578005077A9 /* AppDelegate.swift */,
				9B596ECD19D1A189005077A9 /* ViewController.swift */,
				9B596E9E19D17578005077A9 /* Images.xcassets */,
				9B596EA019D17578005077A9 /* LaunchScreen.xib */,
				9B596E9519D17578005077A9 /* Supporting Files */,
			);
			path = PalladiumTemplate;
			sourceTree = "<group>";
		};
		9B596E9519D17578005077A9 /* Supporting Files */ = {
			isa = PBXGroup;
			children = (
				9B596E9619D17578005077A9 /* Info.plist */,
			);
			name = "Supporting Files";
			sourceTree = "<group>";
		};
		9B596EAA19D17579005077A9 /* PalladiumTemplateTests */ = {
			isa = PBXGroup;
			children = (
				9B596EAD19D17579005077A9 /* PalladiumTemplateTests.swift */,
				9B596EAB19D17579005077A9 /* Supporting Files */,
			);
			path = PalladiumTemplateTests;
			sourceTree = "<group>";
		};
		9B596EAB19D17579005077A9 /* Supporting Files */ = {
			isa = PBXGroup;
			children = (
				9B596EAC19D17579005077A9 /* Info.plist */,
			);
			name = "Supporting Files";
			sourceTree = "<group>";
		};
		9B596EBA19D17B67005077A9 /* www */ = {
			isa = PBXGroup;
			children = (
				9B596EBF19D18697005077A9 /* app.css */,
				9B596EC019D18697005077A9 /* app.js */,
				9B596EBB19D17B67005077A9 /* index.html */,
				9B596EBC19D17B67005077A9 /* palladium.js */,
			);
			path = www;
			sourceTree = "<group>";
		};
		9B596ECF19D1A982005077A9 /* Plugins */ = {
			isa = PBXGroup;
			children = (
				9B596ED019D1A992005077A9 /* Alert.swift */,
			);
			name = Plugins;
			sourceTree = "<group>";
		};
/* End PBXGroup section */

/* Begin PBXNativeTarget section */
		9B596E9119D17578005077A9 /* PalladiumTemplate */ = {
			isa = PBXNativeTarget;
			buildConfigurationList = 9B596EB119D17579005077A9 /* Build configuration list for PBXNativeTarget "PalladiumTemplate" */;
			buildPhases = (
				9B596E8E19D17578005077A9 /* Sources */,
				9B596E8F19D17578005077A9 /* Frameworks */,
				9B596E9019D17578005077A9 /* Resources */,
			);
			buildRules = (
			);
			dependencies = (
			);
			name = PalladiumTemplate;
			productName = PalladiumTemplate;
			productReference = 9B596E9219D17578005077A9 /* PalladiumTemplate.app */;
			productType = "com.apple.product-type.application";
		};
		9B596EA619D17579005077A9 /* PalladiumTemplateTests */ = {
			isa = PBXNativeTarget;
			buildConfigurationList = 9B596EB419D17579005077A9 /* Build configuration list for PBXNativeTarget "PalladiumTemplateTests" */;
			buildPhases = (
				9B596EA319D17579005077A9 /* Sources */,
				9B596EA419D17579005077A9 /* Frameworks */,
				9B596EA519D17579005077A9 /* Resources */,
			);
			buildRules = (
			);
			dependencies = (
				9B596EA919D17579005077A9 /* PBXTargetDependency */,
			);
			name = PalladiumTemplateTests;
			productName = PalladiumTemplateTests;
			productReference = 9B596EA719D17579005077A9 /* PalladiumTemplateTests.xctest */;
			productType = "com.apple.product-type.bundle.unit-test";
		};
/* End PBXNativeTarget section */

/* Begin PBXProject section */
		9B596E8A19D17578005077A9 /* Project object */ = {
			isa = PBXProject;
			attributes = {
				LastUpgradeCheck = 0600;
				ORGANIZATIONNAME = Palladium;
				TargetAttributes = {
					9B596E9119D17578005077A9 = {
						CreatedOnToolsVersion = 6.0.1;
					};
					9B596EA619D17579005077A9 = {
						CreatedOnToolsVersion = 6.0.1;
						TestTargetID = 9B596E9119D17578005077A9;
					};
				};
			};
			buildConfigurationList = 9B596E8D19D17578005077A9 /* Build configuration list for PBXProject "PalladiumTemplate" */;
			compatibilityVersion = "Xcode 3.2";
			developmentRegion = English;
			hasScannedForEncodings = 0;
			knownRegions = (
				en,
				Base,
			);
			mainGroup = 9B596E8919D17578005077A9;
			productRefGroup = 9B596E9319D17578005077A9 /* Products */;
			projectDirPath = "";
			projectRoot = "";
			targets = (
				9B596E9119D17578005077A9 /* PalladiumTemplate */,
				9B596EA619D17579005077A9 /* PalladiumTemplateTests */,
			);
		};
/* End PBXProject section */

/* Begin PBXResourcesBuildPhase section */
		9B596E9019D17578005077A9 /* Resources */ = {
			isa = PBXResourcesBuildPhase;
			buildActionMask = 2147483647;
			files = (
				9B596EC219D18697005077A9 /* app.js in Resources */,
				9B596EBD19D17B67005077A9 /* index.html in Resources */,
				9B596EA219D17578005077A9 /* LaunchScreen.xib in Resources */,
				9B596EC119D18697005077A9 /* app.css in Resources */,
				9B596E9F19D17578005077A9 /* Images.xcassets in Resources */,
				9B596EBE19D17B67005077A9 /* palladium.js in Resources */,
			);
			runOnlyForDeploymentPostprocessing = 0;
		};
		9B596EA519D17579005077A9 /* Resources */ = {
			isa = PBXResourcesBuildPhase;
			buildActionMask = 2147483647;
			files = (
			);
			runOnlyForDeploymentPostprocessing = 0;
		};
/* End PBXResourcesBuildPhase section */

/* Begin PBXSourcesBuildPhase section */
		9B596E8E19D17578005077A9 /* Sources */ = {
			isa = PBXSourcesBuildPhase;
			buildActionMask = 2147483647;
			files = (
				9B596ED119D1A992005077A9 /* Alert.swift in Sources */,
				9B596E9819D17578005077A9 /* AppDelegate.swift in Sources */,
				9B596ECE19D1A189005077A9 /* ViewController.swift in Sources */,
			);
			runOnlyForDeploymentPostprocessing = 0;
		};
		9B596EA319D17579005077A9 /* Sources */ = {
			isa = PBXSourcesBuildPhase;
			buildActionMask = 2147483647;
			files = (
				9B596EAE19D17579005077A9 /* PalladiumTemplateTests.swift in Sources */,
			);
			runOnlyForDeploymentPostprocessing = 0;
		};
/* End PBXSourcesBuildPhase section */

/* Begin PBXTargetDependency section */
		9B596EA919D17579005077A9 /* PBXTargetDependency */ = {
			isa = PBXTargetDependency;
			target = 9B596E9119D17578005077A9 /* PalladiumTemplate */;
			targetProxy = 9B596EA819D17579005077A9 /* PBXContainerItemProxy */;
		};
/* End PBXTargetDependency section */

/* Begin PBXVariantGroup section */
		9B596EA019D17578005077A9 /* LaunchScreen.xib */ = {
			isa = PBXVariantGroup;
			children = (
				9B596EA119D17578005077A9 /* Base */,
			);
			name = LaunchScreen.xib;
			sourceTree = "<group>";
		};
/* End PBXVariantGroup section */

/* Begin XCBuildConfiguration section */
		9B596EAF19D17579005077A9 /* Debug */ = {
			isa = XCBuildConfiguration;
			buildSettings = {
				ALWAYS_SEARCH_USER_PATHS = NO;
				CLANG_CXX_LANGUAGE_STANDARD = "gnu++0x";
				CLANG_CXX_LIBRARY = "libc++";
				CLANG_ENABLE_MODULES = YES;
				CLANG_ENABLE_OBJC_ARC = YES;
				CLANG_WARN_BOOL_CONVERSION = YES;
				CLANG_WARN_CONSTANT_CONVERSION = YES;
				CLANG_WARN_DIRECT_OBJC_ISA_USAGE = YES_ERROR;
				CLANG_WARN_EMPTY_BODY = YES;
				CLANG_WARN_ENUM_CONVERSION = YES;
				CLANG_WARN_INT_CONVERSION = YES;
				CLANG_WARN_OBJC_ROOT_CLASS = YES_ERROR;
				CLANG_WARN_UNREACHABLE_CODE = YES;
				CLANG_WARN__DUPLICATE_METHOD_MATCH = YES;
				"CODE_SIGN_IDENTITY[sdk=iphoneos*]" = "iPhone Developer";
				COPY_PHASE_STRIP = NO;
				ENABLE_STRICT_OBJC_MSGSEND = YES;
				GCC_C_LANGUAGE_STANDARD = gnu99;
				GCC_DYNAMIC_NO_PIC = NO;
				GCC_OPTIMIZATION_LEVEL = 0;
				GCC_PREPROCESSOR_DEFINITIONS = (
					"DEBUG=1",
					"$(inherited)",
				);
				GCC_SYMBOLS_PRIVATE_EXTERN = NO;
				GCC_WARN_64_TO_32_BIT_CONVERSION = YES;
				GCC_WARN_ABOUT_RETURN_TYPE = YES_ERROR;
				GCC_WARN_UNDECLARED_SELECTOR = YES;
				GCC_WARN_UNINITIALIZED_AUTOS = YES_AGGRESSIVE;
				GCC_WARN_UNUSED_FUNCTION = YES;
				GCC_WARN_UNUSED_VARIABLE = YES;
				IPHONEOS_DEPLOYMENT_TARGET = 8.0;
				MTL_ENABLE_DEBUG_INFO = YES;
				ONLY_ACTIVE_ARCH = YES;
				SDKROOT = iphoneos;
				SWIFT_OPTIMIZATION_LEVEL = "-Onone";
				TARGETED_DEVICE_FAMILY = "1,2";
			};
			name = Debug;
		};
		9B596EB019D17579005077A9 /* Release */ = {
			isa = XCBuildConfiguration;
			buildSettings = {
				ALWAYS_SEARCH_USER_PATHS = NO;
				CLANG_CXX_LANGUAGE_STANDARD = "gnu++0x";
				CLANG_CXX_LIBRARY = "libc++";
				CLANG_ENABLE_MODULES = YES;
				CLANG_ENABLE_OBJC_ARC = YES;
				CLANG_WARN_BOOL_CONVERSION = YES;
				CLANG_WARN_CONSTANT_CONVERSION = YES;
				CLANG_WARN_DIRECT_OBJC_ISA_USAGE = YES_ERROR;
				CLANG_WARN_EMPTY_BODY = YES;
				CLANG_WARN_ENUM_CONVERSION = YES;
				CLANG_WARN_INT_CONVERSION = YES;
				CLANG_WARN_OBJC_ROOT_CLASS = YES_ERROR;
				CLANG_WARN_UNREACHABLE_CODE = YES;
				CLANG_WARN__DUPLICATE_METHOD_MATCH = YES;
				"CODE_SIGN_IDENTITY[sdk=iphoneos*]" = "iPhone Developer";
				COPY_PHASE_STRIP = YES;
				ENABLE_NS_ASSERTIONS = NO;
				ENABLE_STRICT_OBJC_MSGSEND = YES;
				GCC_C_LANGUAGE_STANDARD = gnu99;
				GCC_WARN_64_TO_32_BIT_CONVERSION = YES;
				GCC_WARN_ABOUT_RETURN_TYPE = YES_ERROR;
				GCC_WARN_UNDECLARED_SELECTOR = YES;
				GCC_WARN_UNINITIALIZED_AUTOS = YES_AGGRESSIVE;
				GCC_WARN_UNUSED_FUNCTION = YES;
				GCC_WARN_UNUSED_VARIABLE = YES;
				IPHONEOS_DEPLOYMENT_TARGET = 8.0;
				MTL_ENABLE_DEBUG_INFO = NO;
				SDKROOT = iphoneos;
				TARGETED_DEVICE_FAMILY = "1,2";
				VALIDATE_PRODUCT = YES;
			};
			name = Release;
		};
		9B596EB219D17579005077A9 /* Debug */ = {
			isa = XCBuildConfiguration;
			buildSettings = {
				ASSETCATALOG_COMPILER_APPICON_NAME = AppIcon;
				INFOPLIST_FILE = PalladiumTemplate/Info.plist;
				LD_RUNPATH_SEARCH_PATHS = "$(inherited) @executable_path/Frameworks";
				PRODUCT_NAME = "$(TARGET_NAME)";
			};
			name = Debug;
		};
		9B596EB319D17579005077A9 /* Release */ = {
			isa = XCBuildConfiguration;
			buildSettings = {
				ASSETCATALOG_COMPILER_APPICON_NAME = AppIcon;
				INFOPLIST_FILE = PalladiumTemplate/Info.plist;
				LD_RUNPATH_SEARCH_PATHS = "$(inherited) @executable_path/Frameworks";
				PRODUCT_NAME = "$(TARGET_NAME)";
			};
			name = Release;
		};
		9B596EB519D17579005077A9 /* Debug */ = {
			isa = XCBuildConfiguration;
			buildSettings = {
				BUNDLE_LOADER = "$(TEST_HOST)";
				FRAMEWORK_SEARCH_PATHS = (
					"$(SDKROOT)/Developer/Library/Frameworks",
					"$(inherited)",
				);
				GCC_PREPROCESSOR_DEFINITIONS = (
					"DEBUG=1",
					"$(inherited)",
				);
				INFOPLIST_FILE = PalladiumTemplateTests/Info.plist;
				LD_RUNPATH_SEARCH_PATHS = "$(inherited) @executable_path/Frameworks @loader_path/Frameworks";
				PRODUCT_NAME = "$(TARGET_NAME)";
				TEST_HOST = "$(BUILT_PRODUCTS_DIR)/PalladiumTemplate.app/PalladiumTemplate";
			};
			name = Debug;
		};
		9B596EB619D17579005077A9 /* Release */ = {
			isa = XCBuildConfiguration;
			buildSettings = {
				BUNDLE_LOADER = "$(TEST_HOST)";
				FRAMEWORK_SEARCH_PATHS = (
					"$(SDKROOT)/Developer/Library/Frameworks",
					"$(inherited)",
				);
				INFOPLIST_FILE = PalladiumTemplateTests/Info.plist;
				LD_RUNPATH_SEARCH_PATHS = "$(inherited) @executable_path/Frameworks @loader_path/Frameworks";
				PRODUCT_NAME = "$(TARGET_NAME)";
				TEST_HOST = "$(BUILT_PRODUCTS_DIR)/PalladiumTemplate.app/PalladiumTemplate";
			};
			name = Release;
		};
/* End XCBuildConfiguration section */

/* Begin XCConfigurationList section */
		9B596E8D19D17578005077A9 /* Build configuration list for PBXProject "PalladiumTemplate" */ = {
			isa = XCConfigurationList;
			buildConfigurations = (
				9B596EAF19D17579005077A9 /* Debug */,
				9B596EB019D17579005077A9 /* Release */,
			);
			defaultConfigurationIsVisible = 0;
			defaultConfigurationName = Release;
		};
		9B596EB119D17579005077A9 /* Build configuration list for PBXNativeTarget "PalladiumTemplate" */ = {
			isa = XCConfigurationList;
			buildConfigurations = (
				9B596EB219D17579005077A9 /* Debug */,
				9B596EB319D17579005077A9 /* Release */,
			);
			defaultConfigurationIsVisible = 0;
			defaultConfigurationName = Release;
		};
		9B596EB419D17579005077A9 /* Build configuration list for PBXNativeTarget "PalladiumTemplateTests" */ = {
			isa = XCConfigurationList;
			buildConfigurations = (
				9B596EB519D17579005077A9 /* Debug */,
				9B596EB619D17579005077A9 /* Release */,
			);
			defaultConfigurationIsVisible = 0;
			defaultConfigurationName = Release;
		};
/* End XCConfigurationList section */
	};
	rootObject = 9B596E8A19D17578005077A9 /* Project object */;
}
